// !$*UTF8*$!
{
	archiveVersion = 1;
	classes = {
	};
	objectVersion = 77;
	objects = {

/* Begin PBXBuildFile section */
		FE5949982F2C67EB000939DA /* Assets.xcassets in Resources */ = {isa = PBXBuildFile; fileRef = FE5949902F2C67EB000939DA /* Assets.xcassets */; };
		FE59499A2F2C67EB000939DA /* LaunchScreen.storyboard in Resources */ = {isa = PBXBuildFile; fileRef = FE5949942F2C67EB000939DA /* LaunchScreen.storyboard */; };
		FE59499B2F2C67EB000939DA /* AppDelegate.swift in Sources */ = {isa = PBXBuildFile; fileRef = FE59498F2F2C67EB000939DA /* AppDelegate.swift */; };
		FE59499C2F2C67EB000939DA /* ExternalCameraViewController.swift in Sources */ = {isa = PBXBuildFile; fileRef = FE5949912F2C67EB000939DA /* ExternalCameraViewController.swift */; };
		FE59499D2F2C67EB000939DA /* SceneDelegate.swift in Sources */ = {isa = PBXBuildFile; fileRef = FE5949952F2C67EB000939DA /* SceneDelegate.swift */; };
		FE59499E2F2C67EB000939DA /* ViewController.swift in Sources */ = {isa = PBXBuildFile; fileRef = FE5949962F2C67EB000939DA /* ViewController.swift */; };
		FE5949A62F2C6833000939DA /* Then in Frameworks */ = {isa = PBXBuildFile; productRef = FE5949A52F2C6833000939DA /* Then */; };
		FE5949A82F2C79A0000939DA /* ResolutionPopup.swift in Sources */ = {isa = PBXBuildFile; fileRef = FE5949A72F2C79A0000939DA /* ResolutionPopup.swift */; };
		FE5949AB2F2C9DA5000939DA /* FileManager.swift in Sources */ = {isa = PBXBuildFile; fileRef = FE5949AA2F2C9DA5000939DA /* FileManager.swift */; };
		FE5949B02F2CA54E000939DA /* SnapKit in Frameworks */ = {isa = PBXBuildFile; productRef = FE5949AF2F2CA54E000939DA /* SnapKit */; };
/* End PBXBuildFile section */

/* Begin PBXCopyFilesBuildPhase section */
		FE5949AD2F2CA492000939DA /* Embed Frameworks */ = {
			isa = PBXCopyFilesBuildPhase;
			buildActionMask = 2147483647;
			dstPath = "";
			dstSubfolderSpec = 10;
			files = (
			);
			name = "Embed Frameworks";
			runOnlyForDeploymentPostprocessing = 0;
		};
/* End PBXCopyFilesBuildPhase section */

/* Begin PBXFileReference section */
		FE5949732F2C6447000939DA /* ExternalCamera.app */ = {isa = PBXFileReference; explicitFileType = wrapper.application; includeInIndex = 0; path = ExternalCamera.app; sourceTree = BUILT_PRODUCTS_DIR; };
		FE59498F2F2C67EB000939DA /* AppDelegate.swift */ = {isa = PBXFileReference; lastKnownFileType = sourcecode.swift; path = AppDelegate.swift; sourceTree = "<group>"; };
		FE5949902F2C67EB000939DA /* Assets.xcassets */ = {isa = PBXFileReference; lastKnownFileType = folder.assetcatalog; path = Assets.xcassets; sourceTree = "<group>"; };
		FE5949912F2C67EB000939DA /* ExternalCameraViewController.swift */ = {isa = PBXFileReference; lastKnownFileType = sourcecode.swift; path = ExternalCameraViewController.swift; sourceTree = "<group>"; };
		FE5949922F2C67EB000939DA /* Info.plist */ = {isa = PBXFileReference; lastKnownFileType = text.plist.xml; path = Info.plist; sourceTree = "<group>"; };
		FE5949932F2C67EB000939DA /* Base */ = {isa = PBXFileReference; lastKnownFileType = file.storyboard; name = Base; path = Base.lproj/LaunchScreen.storyboard; sourceTree = "<group>"; };
		FE5949952F2C67EB000939DA /* SceneDelegate.swift */ = {isa = PBXFileReference; lastKnownFileType = sourcecode.swift; path = SceneDelegate.swift; sourceTree = "<group>"; };
		FE5949962F2C67EB000939DA /* ViewController.swift */ = {isa = PBXFileReference; lastKnownFileType = sourcecode.swift; path = ViewController.swift; sourceTree = "<group>"; };
		FE5949A72F2C79A0000939DA /* ResolutionPopup.swift */ = {isa = PBXFileReference; lastKnownFileType = sourcecode.swift; path = ResolutionPopup.swift; sourceTree = "<group>"; };
		FE5949AA2F2C9DA5000939DA /* FileManager.swift */ = {isa = PBXFileReference; lastKnownFileType = sourcecode.swift; path = FileManager.swift; sourceTree = "<group>"; };
/* End PBXFileReference section */

/* Begin PBXFrameworksBuildPhase section */
		FE5949702F2C6447000939DA /* Frameworks */ = {
			isa = PBXFrameworksBuildPhase;
			buildActionMask = 2147483647;
			files = (
				FE5949A62F2C6833000939DA /* Then in Frameworks */,
				FE5949B02F2CA54E000939DA /* SnapKit in Frameworks */,
			);
			runOnlyForDeploymentPostprocessing = 0;
		};
/* End PBXFrameworksBuildPhase section */

/* Begin PBXGroup section */
		FE59496A2F2C6447000939DA = {
			isa = PBXGroup;
			children = (
				FE5949972F2C67EB000939DA /* ExternalCamera */,
				FE5949742F2C6447000939DA /* Products */,
			);
			sourceTree = "<group>";
		};
		FE5949742F2C6447000939DA /* Products */ = {
			isa = PBXGroup;
			children = (
				FE5949732F2C6447000939DA /* ExternalCamera.app */,
			);
			name = Products;
			sourceTree = "<group>";
		};
		FE59498E2F2C67EB000939DA /* ViewController */ = {
			isa = PBXGroup;
			children = (
				FE5949962F2C67EB000939DA /* ViewController.swift */,
				FE5949912F2C67EB000939DA /* ExternalCameraViewController.swift */,
				FE5949A72F2C79A0000939DA /* ResolutionPopup.swift */,
			);
			path = ViewController;
			sourceTree = "<group>";
		};
		FE5949972F2C67EB000939DA /* ExternalCamera */ = {
			isa = PBXGroup;
			children = (
				FE59498F2F2C67EB000939DA /* AppDelegate.swift */,
				FE5949902F2C67EB000939DA /* Assets.xcassets */,
				FE5949922F2C67EB000939DA /* Info.plist */,
				FE5949942F2C67EB000939DA /* LaunchScreen.storyboard */,
				FE5949952F2C67EB000939DA /* SceneDelegate.swift */,
				FE59498E2F2C67EB000939DA /* ViewController */,
				FE5949A92F2C9D90000939DA /* Extensions */,
			);
			path = ExternalCamera;
			sourceTree = "<group>";
		};
		FE5949A92F2C9D90000939DA /* Extensions */ = {
			isa = PBXGroup;
			children = (
				FE5949AA2F2C9DA5000939DA /* FileManager.swift */,
			);
			path = Extensions;
			sourceTree = "<group>";
		};
/* End PBXGroup section */

/* Begin PBXNativeTarget section */
		FE5949722F2C6447000939DA /* ExternalCamera */ = {
			isa = PBXNativeTarget;
			buildConfigurationList = FE5949862F2C6449000939DA /* Build configuration list for PBXNativeTarget "ExternalCamera" */;
			buildPhases = (
				FE59496F2F2C6447000939DA /* Sources */,
				FE5949702F2C6447000939DA /* Frameworks */,
				FE5949712F2C6447000939DA /* Resources */,
				FE5949AD2F2CA492000939DA /* Embed Frameworks */,
			);
			buildRules = (
			);
			dependencies = (
			);
			name = ExternalCamera;
			packageProductDependencies = (
				FE5949A52F2C6833000939DA /* Then */,
				FE5949AF2F2CA54E000939DA /* SnapKit */,
			);
			productName = ExternalCamera;
			productReference = FE5949732F2C6447000939DA /* ExternalCamera.app */;
			productType = "com.apple.product-type.application";
		};
/* End PBXNativeTarget section */

/* Begin PBXProject section */
		FE59496B2F2C6447000939DA /* Project object */ = {
			isa = PBXProject;
			attributes = {
				BuildIndependentTargetsInParallel = 1;
				LastSwiftUpdateCheck = 2620;
				LastUpgradeCheck = 2620;
				TargetAttributes = {
					FE5949722F2C6447000939DA = {
						CreatedOnToolsVersion = 26.2;
					};
				};
			};
			buildConfigurationList = FE59496E2F2C6447000939DA /* Build configuration list for PBXProject "ExternalCamera" */;
			developmentRegion = en;
			hasScannedForEncodings = 0;
			knownRegions = (
				en,
				Base,
			);
			mainGroup = FE59496A2F2C6447000939DA;
			minimizedProjectReferenceProxies = 1;
			packageReferences = (
				FE5949A42F2C6833000939DA /* XCRemoteSwiftPackageReference "Then" */,
				FE5949AE2F2CA54E000939DA /* XCRemoteSwiftPackageReference "SnapKit" */,
			);
			preferredProjectObjectVersion = 77;
			productRefGroup = FE5949742F2C6447000939DA /* Products */;
			projectDirPath = "";
			projectRoot = "";
			targets = (
				FE5949722F2C6447000939DA /* ExternalCamera */,
			);
		};
/* End PBXProject section */

/* Begin PBXResourcesBuildPhase section */
		FE5949712F2C6447000939DA /* Resources */ = {
			isa = PBXResourcesBuildPhase;
			buildActionMask = 2147483647;
			files = (
				FE5949982F2C67EB000939DA /* Assets.xcassets in Resources */,
				FE59499A2F2C67EB000939DA /* LaunchScreen.storyboard in Resources */,
			);
			runOnlyForDeploymentPostprocessing = 0;
		};
/* End PBXResourcesBuildPhase section */

/* Begin PBXSourcesBuildPhase section */
		FE59496F2F2C6447000939DA /* Sources */ = {
			isa = PBXSourcesBuildPhase;
			buildActionMask = 2147483647;
			files = (
				FE59499B2F2C67EB000939DA /* AppDelegate.swift in Sources */,
				FE59499C2F2C67EB000939DA /* ExternalCameraViewController.swift in Sources */,
				FE5949A82F2C79A0000939DA /* ResolutionPopup.swift in Sources */,
				FE5949AB2F2C9DA5000939DA /* FileManager.swift in Sources */,
				FE59499D2F2C67EB000939DA /* SceneDelegate.swift in Sources */,
				FE59499E2F2C67EB000939DA /* ViewController.swift in Sources */,
			);
			runOnlyForDeploymentPostprocessing = 0;
		};
/* End PBXSourcesBuildPhase section */

/* Begin PBXVariantGroup section */
		FE5949942F2C67EB000939DA /* LaunchScreen.storyboard */ = {
			isa = PBXVariantGroup;
			children = (
				FE5949932F2C67EB000939DA /* Base */,
			);
			name = LaunchScreen.storyboard;
			sourceTree = "<group>";
		};
/* End PBXVariantGroup section */

/* Begin XCBuildConfiguration section */
		FE5949872F2C6449000939DA /* Debug */ = {
			isa = XCBuildConfiguration;
			buildSettings = {
				ASSETCATALOG_COMPILER_APPICON_NAME = AppIcon;
				ASSETCATALOG_COMPILER_GLOBAL_ACCENT_COLOR_NAME = AccentColor;
				CODE_SIGN_STYLE = Automatic;
				CURRENT_PROJECT_VERSION = 1;
				DEVELOPMENT_TEAM = "";
				GENERATE_INFOPLIST_FILE = YES;
				INFOPLIST_FILE = ExternalCamera/Info.plist;
				INFOPLIST_KEY_UIApplicationSupportsIndirectInputEvents = YES;
				INFOPLIST_KEY_UILaunchStoryboardName = LaunchScreen;
				INFOPLIST_KEY_UISupportedInterfaceOrientations = UIInterfaceOrientationLandscapeRight;
				INFOPLIST_KEY_UISupportedInterfaceOrientations_iPad = "UIInterfaceOrientationLandscapeLeft UIInterfaceOrientationLandscapeRight";
				IPHONEOS_DEPLOYMENT_TARGET = 17.0;
				LD_RUNPATH_SEARCH_PATHS = (
					"$(inherited)",
					"@executable_path/Frameworks",
				);
				MARKETING_VERSION = 1.0;
				PRODUCT_BUNDLE_IDENTIFIER = com.ExternalCamera;
				PRODUCT_NAME = "$(TARGET_NAME)";
				STRING_CATALOG_GENERATE_SYMBOLS = YES;
				SUPPORTED_PLATFORMS = "iphoneos iphonesimulator";
				SUPPORTS_MACCATALYST = NO;
				SWIFT_APPROACHABLE_CONCURRENCY = YES;
				SWIFT_DEFAULT_ACTOR_ISOLATION = MainActor;
				SWIFT_EMIT_LOC_STRINGS = YES;
				SWIFT_UPCOMING_FEATURE_MEMBER_IMPORT_VISIBILITY = YES;
				SWIFT_VERSION = 5.0;
				TARGETED_DEVICE_FAMILY = 1;
			};
			name = Debug;
		};
		FE5949882F2C6449000939DA /* Release */ = {
			isa = XCBuildConfiguration;
			buildSettings = {
				ASSETCATALOG_COMPILER_APPICON_NAME = AppIcon;
				ASSETCATALOG_COMPILER_GLOBAL_ACCENT_COLOR_NAME = AccentColor;
				CODE_SIGN_STYLE = Automatic;
				CURRENT_PROJECT_VERSION = 1;
				DEVELOPMENT_TEAM = "";
				GENERATE_INFOPLIST_FILE = YES;
				INFOPLIST_FILE = ExternalCamera/Info.plist;
				INFOPLIST_KEY_UIApplicationSupportsIndirectInputEvents = YES;
				INFOPLIST_KEY_UILaunchStoryboardName = LaunchScreen;
				INFOPLIST_KEY_UISupportedInterfaceOrientations = UIInterfaceOrientationLandscapeRight;
				INFOPLIST_KEY_UISupportedInterfaceOrientations_iPad = "UIInterfaceOrientationLandscapeLeft UIInterfaceOrientationLandscapeRight";
				IPHONEOS_DEPLOYMENT_TARGET = 17.0;
				LD_RUNPATH_SEARCH_PATHS = (
					"$(inherited)",
					"@executable_path/Frameworks",
				);
				MARKETING_VERSION = 1.0;
				PRODUCT_BUNDLE_IDENTIFIER = com.ExternalCamera;
				PRODUCT_NAME = "$(TARGET_NAME)";
				STRING_CATALOG_GENERATE_SYMBOLS = YES;
				SUPPORTED_PLATFORMS = "iphoneos iphonesimulator";
				SUPPORTS_MACCATALYST = NO;
				SWIFT_APPROACHABLE_CONCURRENCY = YES;
				SWIFT_DEFAULT_ACTOR_ISOLATION = MainActor;
				SWIFT_EMIT_LOC_STRINGS = YES;
				SWIFT_UPCOMING_FEATURE_MEMBER_IMPORT_VISIBILITY = YES;
				SWIFT_VERSION = 5.0;
				TARGETED_DEVICE_FAMILY = 1;
			};
			name = Release;
		};
		FE5949892F2C6449000939DA /* Debug */ = {
			isa = XCBuildConfiguration;
			buildSettings = {
				ALWAYS_SEARCH_USER_PATHS = NO;
				ASSETCATALOG_COMPILER_GENERATE_SWIFT_ASSET_SYMBOL_EXTENSIONS = YES;
				CLANG_ANALYZER_NONNULL = YES;
				CLANG_ANALYZER_NUMBER_OBJECT_CONVERSION = YES_AGGRESSIVE;
				CLANG_CXX_LANGUAGE_STANDARD = "gnu++20";
				CLANG_ENABLE_MODULES = YES;
				CLANG_ENABLE_OBJC_ARC = YES;
				CLANG_ENABLE_OBJC_WEAK = YES;
				CLANG_WARN_BLOCK_CAPTURE_AUTORELEASING = YES;
				CLANG_WARN_BOOL_CONVERSION = YES;
				CLANG_WARN_COMMA = YES;
				CLANG_WARN_CONSTANT_CONVERSION = YES;
				CLANG_WARN_DEPRECATED_OBJC_IMPLEMENTATIONS = YES;
				CLANG_WARN_DIRECT_OBJC_ISA_USAGE = YES_ERROR;
				CLANG_WARN_DOCUMENTATION_COMMENTS = YES;
				CLANG_WARN_EMPTY_BODY = YES;
				CLANG_WARN_ENUM_CONVERSION = YES;
				CLANG_WARN_INFINITE_RECURSION = YES;
				CLANG_WARN_INT_CONVERSION = YES;
				CLANG_WARN_NON_LITERAL_NULL_CONVERSION = YES;
				CLANG_WARN_OBJC_IMPLICIT_RETAIN_SELF = YES;
				CLANG_WARN_OBJC_LITERAL_CONVERSION = YES;
				CLANG_WARN_OBJC_ROOT_CLASS = YES_ERROR;
				CLANG_WARN_QUOTED_INCLUDE_IN_FRAMEWORK_HEADER = YES;
				CLANG_WARN_RANGE_LOOP_ANALYSIS = YES;
				CLANG_WARN_STRICT_PROTOTYPES = YES;
				CLANG_WARN_SUSPICIOUS_MOVE = YES;
				CLANG_WARN_UNGUARDED_AVAILABILITY = YES_AGGRESSIVE;
				CLANG_WARN_UNREACHABLE_CODE = YES;
				CLANG_WARN__DUPLICATE_METHOD_MATCH = YES;
				COPY_PHASE_STRIP = NO;
				DEBUG_INFORMATION_FORMAT = dwarf;
				DEVELOPMENT_TEAM = CZ4JC4ARDZ;
				ENABLE_STRICT_OBJC_MSGSEND = YES;
				ENABLE_TESTABILITY = YES;
				ENABLE_USER_SCRIPT_SANDBOXING = YES;
				GCC_C_LANGUAGE_STANDARD = gnu17;
				GCC_DYNAMIC_NO_PIC = NO;
				GCC_NO_COMMON_BLOCKS = YES;
				GCC_OPTIMIZATION_LEVEL = 0;
				GCC_PREPROCESSOR_DEFINITIONS = (
					"DEBUG=1",
					"$(inherited)",
				);
				GCC_WARN_64_TO_32_BIT_CONVERSION = YES;
				GCC_WARN_ABOUT_RETURN_TYPE = YES_ERROR;
				GCC_WARN_UNDECLARED_SELECTOR = YES;
				GCC_WARN_UNINITIALIZED_AUTOS = YES_AGGRESSIVE;
				GCC_WARN_UNUSED_FUNCTION = YES;
				GCC_WARN_UNUSED_VARIABLE = YES;
				IPHONEOS_DEPLOYMENT_TARGET = 26.2;
				LOCALIZATION_PREFERS_STRING_CATALOGS = YES;
				MTL_ENABLE_DEBUG_INFO = INCLUDE_SOURCE;
				MTL_FAST_MATH = YES;
				ONLY_ACTIVE_ARCH = YES;
				SDKROOT = iphoneos;
				SWIFT_ACTIVE_COMPILATION_CONDITIONS = "DEBUG $(inherited)";
				SWIFT_OPTIMIZATION_LEVEL = "-Onone";
			};
			name = Debug;
		};
		FE59498A2F2C6449000939DA /* Release */ = {
			isa = XCBuildConfiguration;
			buildSettings = {
				ALWAYS_SEARCH_USER_PATHS = NO;
				ASSETCATALOG_COMPILER_GENERATE_SWIFT_ASSET_SYMBOL_EXTENSIONS = YES;
				CLANG_ANALYZER_NONNULL = YES;
				CLANG_ANALYZER_NUMBER_OBJECT_CONVERSION = YES_AGGRESSIVE;
				CLANG_CXX_LANGUAGE_STANDARD = "gnu++20";
				CLANG_ENABLE_MODULES = YES;
				CLANG_ENABLE_OBJC_ARC = YES;
				CLANG_ENABLE_OBJC_WEAK = YES;
				CLANG_WARN_BLOCK_CAPTURE_AUTORELEASING = YES;
				CLANG_WARN_BOOL_CONVERSION = YES;
				CLANG_WARN_COMMA = YES;
				CLANG_WARN_CONSTANT_CONVERSION = YES;
				CLANG_WARN_DEPRECATED_OBJC_IMPLEMENTATIONS = YES;
				CLANG_WARN_DIRECT_OBJC_ISA_USAGE = YES_ERROR;
				CLANG_WARN_DOCUMENTATION_COMMENTS = YES;
				CLANG_WARN_EMPTY_BODY = YES;
				CLANG_WARN_ENUM_CONVERSION = YES;
				CLANG_WARN_INFINITE_RECURSION = YES;
				CLANG_WARN_INT_CONVERSION = YES;
				CLANG_WARN_NON_LITERAL_NULL_CONVERSION = YES;
				CLANG_WARN_OBJC_IMPLICIT_RETAIN_SELF = YES;
				CLANG_WARN_OBJC_LITERAL_CONVERSION = YES;
				CLANG_WARN_OBJC_ROOT_CLASS = YES_ERROR;
				CLANG_WARN_QUOTED_INCLUDE_IN_FRAMEWORK_HEADER = YES;
				CLANG_WARN_RANGE_LOOP_ANALYSIS = YES;
				CLANG_WARN_STRICT_PROTOTYPES = YES;
				CLANG_WARN_SUSPICIOUS_MOVE = YES;
				CLANG_WARN_UNGUARDED_AVAILABILITY = YES_AGGRESSIVE;
				CLANG_WARN_UNREACHABLE_CODE = YES;
				CLANG_WARN__DUPLICATE_METHOD_MATCH = YES;
				COPY_PHASE_STRIP = NO;
				DEBUG_INFORMATION_FORMAT = "dwarf-with-dsym";
				DEVELOPMENT_TEAM = CZ4JC4ARDZ;
				ENABLE_NS_ASSERTIONS = NO;
				ENABLE_STRICT_OBJC_MSGSEND = YES;
				ENABLE_USER_SCRIPT_SANDBOXING = YES;
				GCC_C_LANGUAGE_STANDARD = gnu17;
				GCC_NO_COMMON_BLOCKS = YES;
				GCC_WARN_64_TO_32_BIT_CONVERSION = YES;
				GCC_WARN_ABOUT_RETURN_TYPE = YES_ERROR;
				GCC_WARN_UNDECLARED_SELECTOR = YES;
				GCC_WARN_UNINITIALIZED_AUTOS = YES_AGGRESSIVE;
				GCC_WARN_UNUSED_FUNCTION = YES;
				GCC_WARN_UNUSED_VARIABLE = YES;
				IPHONEOS_DEPLOYMENT_TARGET = 26.2;
				LOCALIZATION_PREFERS_STRING_CATALOGS = YES;
				MTL_ENABLE_DEBUG_INFO = NO;
				MTL_FAST_MATH = YES;
				SDKROOT = iphoneos;
				SWIFT_COMPILATION_MODE = wholemodule;
				VALIDATE_PRODUCT = YES;
			};
			name = Release;
		};
/* End XCBuildConfiguration section */

/* Begin XCConfigurationList section */
		FE59496E2F2C6447000939DA /* Build configuration list for PBXProject "ExternalCamera" */ = {
			isa = XCConfigurationList;
			buildConfigurations = (
				FE5949892F2C6449000939DA /* Debug */,
				FE59498A2F2C6449000939DA /* Release */,
			);
			defaultConfigurationIsVisible = 0;
			defaultConfigurationName = Release;
		};
		FE5949862F2C6449000939DA /* Build configuration list for PBXNativeTarget "ExternalCamera" */ = {
			isa = XCConfigurationList;
			buildConfigurations = (
				FE5949872F2C6449000939DA /* Debug */,
				FE5949882F2C6449000939DA /* Release */,
			);
			defaultConfigurationIsVisible = 0;
			defaultConfigurationName = Release;
		};
/* End XCConfigurationList section */

/* Begin XCRemoteSwiftPackageReference section */
		FE5949A42F2C6833000939DA /* XCRemoteSwiftPackageReference "Then" */ = {
			isa = XCRemoteSwiftPackageReference;
			repositoryURL = "https://github.com/devxoul/Then";
			requirement = {
				kind = upToNextMajorVersion;
				minimumVersion = 3.0.0;
			};
		};
		FE5949AE2F2CA54E000939DA /* XCRemoteSwiftPackageReference "SnapKit" */ = {
			isa = XCRemoteSwiftPackageReference;
			repositoryURL = "https://github.com/SnapKit/SnapKit";
			requirement = {
				kind = upToNextMajorVersion;
				minimumVersion = 5.7.1;
			};
		};
/* End XCRemoteSwiftPackageReference section */

/* Begin XCSwiftPackageProductDependency section */
		FE5949A52F2C6833000939DA /* Then */ = {
			isa = XCSwiftPackageProductDependency;
			package = FE5949A42F2C6833000939DA /* XCRemoteSwiftPackageReference "Then" */;
			productName = Then;
		};
		FE5949AF2F2CA54E000939DA /* SnapKit */ = {
			isa = XCSwiftPackageProductDependency;
			package = FE5949AE2F2CA54E000939DA /* XCRemoteSwiftPackageReference "SnapKit" */;
			productName = SnapKit;
		};
/* End XCSwiftPackageProductDependency section */
	};
	rootObject = FE59496B2F2C6447000939DA /* Project object */;
}
